
Microsoft Visual Studio Solution File, Format Version 12.00
# Visual Studio 15
VisualStudioVersion = 15.0.28307.271
MinimumVisualStudioVersion = 10.0.40219.1
Project("{FAE04EC0-301F-11D3-BF4B-00C04F79EFBC}") = "word-blitz-generator", "word-blitz-generator\word-blitz-generator.csproj", "{49572D63-29F4-453A-95D5-8DCB9D9AF588}"
EndProject
Global
	GlobalSection(SolutionConfigurationPlatforms) = preSolution
		Debug|Any CPU = Debug|Any CPU
		Release|Any CPU = Release|Any CPU
	EndGlobalSection
	GlobalSection(ProjectConfigurationPlatforms) = postSolution
		{49572D63-29F4-453A-95D5-8DCB9D9AF588}.Debug|Any CPU.ActiveCfg = Debug|Any CPU
		{49572D63-29F4-453A-95D5-8DCB9D9AF588}.Debug|Any CPU.Build.0 = Debug|Any CPU
		{49572D63-29F4-453A-95D5-8DCB9D9AF588}.Release|Any CPU.ActiveCfg = Release|Any CPU
		{49572D63-29F4-453A-95D5-8DCB9D9AF588}.Release|Any CPU.Build.0 = Release|Any CPU
	EndGlobalSection
	GlobalSection(SolutionProperties) = preSolution
		HideSolutionNode = FALSE
	EndGlobalSection
	GlobalSection(ExtensibilityGlobals) = postSolution
		SolutionGuid = {B9722004-D6ED-4179-A787-1F1A33BDFCB9}
	EndGlobalSection
EndGlobal
